
Microsoft Visual Studio Solution File, Format Version 12.00
# Visual Studio Version 16
VisualStudioVersion = 16.0.31702.278
MinimumVisualStudioVersion = 10.0.40219.1
Project("{FAE04EC0-301F-11D3-BF4B-00C04F79EFBC}") = "programm15.03", "programm15.03\programm15.03.csproj", "{FEEA7028-BF7B-4B45-8C2A-F27C69060CB4}"
EndProject
Global
	GlobalSection(SolutionConfigurationPlatforms) = preSolution
		Debug|Any CPU = Debug|Any CPU
		Release|Any CPU = Release|Any CPU
	EndGlobalSection
	GlobalSection(ProjectConfigurationPlatforms) = postSolution
		{FEEA7028-BF7B-4B45-8C2A-F27C69060CB4}.Debug|Any CPU.ActiveCfg = Debug|Any CPU
		{FEEA7028-BF7B-4B45-8C2A-F27C69060CB4}.Debug|Any CPU.Build.0 = Debug|Any CPU
		{FEEA7028-BF7B-4B45-8C2A-F27C69060CB4}.Release|Any CPU.ActiveCfg = Release|Any CPU
		{FEEA7028-BF7B-4B45-8C2A-F27C69060CB4}.Release|Any CPU.Build.0 = Release|Any CPU
	EndGlobalSection
	GlobalSection(SolutionProperties) = preSolution
		HideSolutionNode = FALSE
	EndGlobalSection
	GlobalSection(ExtensibilityGlobals) = postSolution
		SolutionGuid = {5FB87646-91CE-47B4-81CA-AC6D2948BB53}
	EndGlobalSection
EndGlobal
